
Microsoft Visual Studio Solution File, Format Version 12.00
# Visual Studio Version 17
VisualStudioVersion = 17.5.33516.290
MinimumVisualStudioVersion = 10.0.40219.1
Project("{FAE04EC0-301F-11D3-BF4B-00C04F79EFBC}") = "GraphManagerApp", "GraphManagerApp\GraphManagerApp.csproj", "{65F045F5-DF3A-46C3-A361-9EBAF3D4DF12}"
EndProject
Project("{FAE04EC0-301F-11D3-BF4B-00C04F79EFBC}") = "GraphManagerTest", "GraphManagerTest\GraphManagerTest.csproj", "{22235421-AAF1-44F3-AE9A-A7C489BD99DC}"
EndProject
Global
	GlobalSection(SolutionConfigurationPlatforms) = preSolution
		Debug|Any CPU = Debug|Any CPU
		Release|Any CPU = Release|Any CPU
	EndGlobalSection
	GlobalSection(ProjectConfigurationPlatforms) = postSolution
		{65F045F5-DF3A-46C3-A361-9EBAF3D4DF12}.Debug|Any CPU.ActiveCfg = Debug|Any CPU
		{65F045F5-DF3A-46C3-A361-9EBAF3D4DF12}.Debug|Any CPU.Build.0 = Debug|Any CPU
		{65F045F5-DF3A-46C3-A361-9EBAF3D4DF12}.Release|Any CPU.ActiveCfg = Release|Any CPU
		{65F045F5-DF3A-46C3-A361-9EBAF3D4DF12}.Release|Any CPU.Build.0 = Release|Any CPU
		{22235421-AAF1-44F3-AE9A-A7C489BD99DC}.Debug|Any CPU.ActiveCfg = Debug|Any CPU
		{22235421-AAF1-44F3-AE9A-A7C489BD99DC}.Debug|Any CPU.Build.0 = Debug|Any CPU
		{22235421-AAF1-44F3-AE9A-A7C489BD99DC}.Release|Any CPU.ActiveCfg = Release|Any CPU
		{22235421-AAF1-44F3-AE9A-A7C489BD99DC}.Release|Any CPU.Build.0 = Release|Any CPU
	EndGlobalSection
	GlobalSection(SolutionProperties) = preSolution
		HideSolutionNode = FALSE
	EndGlobalSection
	GlobalSection(ExtensibilityGlobals) = postSolution
		SolutionGuid = {194E1FEA-C3C2-408D-B8A9-10E41A9103B5}
	EndGlobalSection
EndGlobal
